
Microsoft Visual Studio Solution File, Format Version 12.00
# Visual Studio Version 17
VisualStudioVersion = 17.0.32126.317
MinimumVisualStudioVersion = 15.0.26124.0
Project("{2150E333-8FDC-42A3-9474-1A3956D46DE8}") = "src", "src", "{F8826761-C591-4954-AE3F-189B91296285}"
EndProject
Project("{9A19103F-16F7-4668-BE54-9A1E7A4F7556}") = "IdentityServer", "src\IdentityServer\IdentityServer.csproj", "{38565564-40EF-40AB-BE25-939928DF7765}"
EndProject
Project("{9A19103F-16F7-4668-BE54-9A1E7A4F7556}") = "NetCoreJavaScriptClient", "src\JavaScriptClient\NetCoreJavaScriptClient.csproj", "{2AD57FD9-DD31-4D7E-AFBA-B6A8A673B554}"
EndProject
Project("{E24C65DC-7377-472B-9ABA-BC803B73C61A}") = "WebFormAppJavaScriptClient", "src\WebFormAppJavaScriptClient\", "{CFA43743-A7A9-4A36-9216-85050823BEC1}"
	ProjectSection(WebsiteProperties) = preProject
		TargetFrameworkMoniker = ".NETFramework,Version%3Dv4.5.2"
		Debug.AspNetCompiler.VirtualPath = "/localhost_39341"
		Debug.AspNetCompiler.PhysicalPath = "src\WebFormAppJavaScriptClient\"
		Debug.AspNetCompiler.TargetPath = "PrecompiledWeb\localhost_39341\"
		Debug.AspNetCompiler.Updateable = "true"
		Debug.AspNetCompiler.ForceOverwrite = "true"
		Debug.AspNetCompiler.FixedNames = "false"
		Debug.AspNetCompiler.Debug = "True"
		Release.AspNetCompiler.VirtualPath = "/localhost_39341"
		Release.AspNetCompiler.PhysicalPath = "src\WebFormAppJavaScriptClient\"
		Release.AspNetCompiler.TargetPath = "PrecompiledWeb\localhost_39341\"
		Release.AspNetCompiler.Updateable = "true"
		Release.AspNetCompiler.ForceOverwrite = "true"
		Release.AspNetCompiler.FixedNames = "false"
		Release.AspNetCompiler.Debug = "False"
		VWDPort = "39341"
		SlnRelativePath = "src\WebFormAppJavaScriptClient\"
	EndProjectSection
EndProject
Project("{E24C65DC-7377-472B-9ABA-BC803B73C61A}") = "WebFormAppCSharpClient", "src\WebFormAppCSharpClient\", "{BE327B9E-09D3-49A9-ACC5-6DA6D6463F11}"
	ProjectSection(WebsiteProperties) = preProject
		TargetFrameworkMoniker = ".NETFramework,Version%3Dv4.5.2"
		Debug.AspNetCompiler.VirtualPath = "/localhost_39361"
		Debug.AspNetCompiler.PhysicalPath = "src\WebFormAppCSharpClient\"
		Debug.AspNetCompiler.TargetPath = "PrecompiledWeb\localhost_39361\"
		Debug.AspNetCompiler.Updateable = "true"
		Debug.AspNetCompiler.ForceOverwrite = "true"
		Debug.AspNetCompiler.FixedNames = "false"
		Debug.AspNetCompiler.Debug = "True"
		Release.AspNetCompiler.VirtualPath = "/localhost_39361"
		Release.AspNetCompiler.PhysicalPath = "src\WebFormAppCSharpClient\"
		Release.AspNetCompiler.TargetPath = "PrecompiledWeb\localhost_39361\"
		Release.AspNetCompiler.Updateable = "true"
		Release.AspNetCompiler.ForceOverwrite = "true"
		Release.AspNetCompiler.FixedNames = "false"
		Release.AspNetCompiler.Debug = "False"
		VWDPort = "39361"
		SlnRelativePath = "src\WebFormAppCSharpClient\"
	EndProjectSection
EndProject
Project("{9A19103F-16F7-4668-BE54-9A1E7A4F7556}") = "Api1", "src\Api1\Api1.csproj", "{58CBE919-CAD3-4924-AA95-F01EB5FA8120}"
EndProject
Project("{9A19103F-16F7-4668-BE54-9A1E7A4F7556}") = "Api2", "src\Api2\Api2.csproj", "{DBDAAECF-D9C7-424D-BE9D-FADA6F0459C9}"
EndProject
Project("{FAE04EC0-301F-11D3-BF4B-00C04F79EFBC}") = "Api3", "src\Api3\Api3.csproj", "{C1402916-E3E9-47AC-B5A1-5DBDC9E47897}"
EndProject
Project("{FAE04EC0-301F-11D3-BF4B-00C04F79EFBC}") = "WebAssemblyClient1", "src\WebAssemblyClient1\WebAssemblyClient1.csproj", "{499D6CDB-336F-4E8C-AC4F-ADD04E2259BF}"
EndProject
Project("{FAE04EC0-301F-11D3-BF4B-00C04F79EFBC}") = "WebAssemblyClient2", "src\WebAssemblyClient2\WebAssemblyClient2.csproj", "{1226C135-98ED-471B-A451-92CACD078655}"
EndProject
Global
	GlobalSection(SolutionConfigurationPlatforms) = preSolution
		Debug|Any CPU = Debug|Any CPU
		Release|Any CPU = Release|Any CPU
	EndGlobalSection
	GlobalSection(ProjectConfigurationPlatforms) = postSolution
		{38565564-40EF-40AB-BE25-939928DF7765}.Debug|Any CPU.ActiveCfg = Debug|Any CPU
		{38565564-40EF-40AB-BE25-939928DF7765}.Debug|Any CPU.Build.0 = Debug|Any CPU
		{38565564-40EF-40AB-BE25-939928DF7765}.Release|Any CPU.ActiveCfg = Release|Any CPU
		{38565564-40EF-40AB-BE25-939928DF7765}.Release|Any CPU.Build.0 = Release|Any CPU
		{2AD57FD9-DD31-4D7E-AFBA-B6A8A673B554}.Debug|Any CPU.ActiveCfg = Debug|Any CPU
		{2AD57FD9-DD31-4D7E-AFBA-B6A8A673B554}.Debug|Any CPU.Build.0 = Debug|Any CPU
		{2AD57FD9-DD31-4D7E-AFBA-B6A8A673B554}.Release|Any CPU.ActiveCfg = Release|Any CPU
		{2AD57FD9-DD31-4D7E-AFBA-B6A8A673B554}.Release|Any CPU.Build.0 = Release|Any CPU
		{CFA43743-A7A9-4A36-9216-85050823BEC1}.Debug|Any CPU.ActiveCfg = Debug|Any CPU
		{CFA43743-A7A9-4A36-9216-85050823BEC1}.Debug|Any CPU.Build.0 = Debug|Any CPU
		{CFA43743-A7A9-4A36-9216-85050823BEC1}.Release|Any CPU.ActiveCfg = Debug|Any CPU
		{CFA43743-A7A9-4A36-9216-85050823BEC1}.Release|Any CPU.Build.0 = Debug|Any CPU
		{BE327B9E-09D3-49A9-ACC5-6DA6D6463F11}.Debug|Any CPU.ActiveCfg = Debug|Any CPU
		{BE327B9E-09D3-49A9-ACC5-6DA6D6463F11}.Debug|Any CPU.Build.0 = Debug|Any CPU
		{BE327B9E-09D3-49A9-ACC5-6DA6D6463F11}.Release|Any CPU.ActiveCfg = Debug|Any CPU
		{BE327B9E-09D3-49A9-ACC5-6DA6D6463F11}.Release|Any CPU.Build.0 = Debug|Any CPU
		{58CBE919-CAD3-4924-AA95-F01EB5FA8120}.Debug|Any CPU.ActiveCfg = Debug|Any CPU
		{58CBE919-CAD3-4924-AA95-F01EB5FA8120}.Debug|Any CPU.Build.0 = Debug|Any CPU
		{58CBE919-CAD3-4924-AA95-F01EB5FA8120}.Release|Any CPU.ActiveCfg = Release|Any CPU
		{58CBE919-CAD3-4924-AA95-F01EB5FA8120}.Release|Any CPU.Build.0 = Release|Any CPU
		{DBDAAECF-D9C7-424D-BE9D-FADA6F0459C9}.Debug|Any CPU.ActiveCfg = Debug|Any CPU
		{DBDAAECF-D9C7-424D-BE9D-FADA6F0459C9}.Debug|Any CPU.Build.0 = Debug|Any CPU
		{DBDAAECF-D9C7-424D-BE9D-FADA6F0459C9}.Release|Any CPU.ActiveCfg = Release|Any CPU
		{DBDAAECF-D9C7-424D-BE9D-FADA6F0459C9}.Release|Any CPU.Build.0 = Release|Any CPU
		{C1402916-E3E9-47AC-B5A1-5DBDC9E47897}.Debug|Any CPU.ActiveCfg = Debug|Any CPU
		{C1402916-E3E9-47AC-B5A1-5DBDC9E47897}.Debug|Any CPU.Build.0 = Debug|Any CPU
		{C1402916-E3E9-47AC-B5A1-5DBDC9E47897}.Release|Any CPU.ActiveCfg = Release|Any CPU
		{C1402916-E3E9-47AC-B5A1-5DBDC9E47897}.Release|Any CPU.Build.0 = Release|Any CPU
		{499D6CDB-336F-4E8C-AC4F-ADD04E2259BF}.Debug|Any CPU.ActiveCfg = Debug|Any CPU
		{499D6CDB-336F-4E8C-AC4F-ADD04E2259BF}.Debug|Any CPU.Build.0 = Debug|Any CPU
		{499D6CDB-336F-4E8C-AC4F-ADD04E2259BF}.Release|Any CPU.ActiveCfg = Release|Any CPU
		{499D6CDB-336F-4E8C-AC4F-ADD04E2259BF}.Release|Any CPU.Build.0 = Release|Any CPU
		{1226C135-98ED-471B-A451-92CACD078655}.Debug|Any CPU.ActiveCfg = Debug|Any CPU
		{1226C135-98ED-471B-A451-92CACD078655}.Debug|Any CPU.Build.0 = Debug|Any CPU
		{1226C135-98ED-471B-A451-92CACD078655}.Release|Any CPU.ActiveCfg = Release|Any CPU
		{1226C135-98ED-471B-A451-92CACD078655}.Release|Any CPU.Build.0 = Release|Any CPU
	EndGlobalSection
	GlobalSection(SolutionProperties) = preSolution
		HideSolutionNode = FALSE
	EndGlobalSection
	GlobalSection(NestedProjects) = preSolution
		{38565564-40EF-40AB-BE25-939928DF7765} = {F8826761-C591-4954-AE3F-189B91296285}
		{2AD57FD9-DD31-4D7E-AFBA-B6A8A673B554} = {F8826761-C591-4954-AE3F-189B91296285}
		{CFA43743-A7A9-4A36-9216-85050823BEC1} = {F8826761-C591-4954-AE3F-189B91296285}
		{BE327B9E-09D3-49A9-ACC5-6DA6D6463F11} = {F8826761-C591-4954-AE3F-189B91296285}
		{58CBE919-CAD3-4924-AA95-F01EB5FA8120} = {F8826761-C591-4954-AE3F-189B91296285}
		{DBDAAECF-D9C7-424D-BE9D-FADA6F0459C9} = {F8826761-C591-4954-AE3F-189B91296285}
		{C1402916-E3E9-47AC-B5A1-5DBDC9E47897} = {F8826761-C591-4954-AE3F-189B91296285}
		{499D6CDB-336F-4E8C-AC4F-ADD04E2259BF} = {F8826761-C591-4954-AE3F-189B91296285}
		{1226C135-98ED-471B-A451-92CACD078655} = {F8826761-C591-4954-AE3F-189B91296285}
	EndGlobalSection
	GlobalSection(ExtensibilityGlobals) = postSolution
		SolutionGuid = {482AA3D6-9466-4CED-8782-1949DD26D103}
	EndGlobalSection
EndGlobal
