
Microsoft Visual Studio Solution File, Format Version 12.00
# Visual Studio Version 17
VisualStudioVersion = 17.0.32126.317
MinimumVisualStudioVersion = 15.0.26124.0
Project("{2150E333-8FDC-42A3-9474-1A3956D46DE8}") = "src", "src", "{F8826761-C591-4954-AE3F-189B91296285}"
EndProject
Project("{9A19103F-16F7-4668-BE54-9A1E7A4F7556}") = "IdentityServer", "src\IdentityServer\IdentityServer.csproj", "{38565564-40EF-40AB-BE25-939928DF7765}"
EndProject
Project("{9A19103F-16F7-4668-BE54-9A1E7A4F7556}") = "WasmAppAuth", "src\WasmAppAuth\WasmAppAuth.csproj", "{B856380D-2391-4DC5-9F4C-4A1FFFD5730A}"
EndProject
Project("{E24C65DC-7377-472B-9ABA-BC803B73C61A}") = "WebFormAppClient", "src\WebFormAppClient\", "{E958FC11-940F-4F64-B57A-77426DB68200}"
	ProjectSection(WebsiteProperties) = preProject
		TargetFrameworkMoniker = ".NETFramework,Version%3Dv4.5.2"
		Debug.AspNetCompiler.VirtualPath = "/localhost_29822"
		Debug.AspNetCompiler.PhysicalPath = "src\WebFormAppClient\"
		Debug.AspNetCompiler.TargetPath = "PrecompiledWeb\localhost_29822\"
		Debug.AspNetCompiler.Updateable = "true"
		Debug.AspNetCompiler.ForceOverwrite = "true"
		Debug.AspNetCompiler.FixedNames = "false"
		Debug.AspNetCompiler.Debug = "True"
		Release.AspNetCompiler.VirtualPath = "/localhost_29822"
		Release.AspNetCompiler.PhysicalPath = "src\WebFormAppClient\"
		Release.AspNetCompiler.TargetPath = "PrecompiledWeb\localhost_29822\"
		Release.AspNetCompiler.Updateable = "true"
		Release.AspNetCompiler.ForceOverwrite = "true"
		Release.AspNetCompiler.FixedNames = "false"
		Release.AspNetCompiler.Debug = "False"
		VWDPort = "29822"
		SlnRelativePath = "src\WebFormAppClient\"
	EndProjectSection
EndProject
Project("{9A19103F-16F7-4668-BE54-9A1E7A4F7556}") = "JavaScriptClient", "src\JavaScriptClient\JavaScriptClient.csproj", "{2AD57FD9-DD31-4D7E-AFBA-B6A8A673B554}"
EndProject
Global
	GlobalSection(SolutionConfigurationPlatforms) = preSolution
		Debug|Any CPU = Debug|Any CPU
		Release|Any CPU = Release|Any CPU
	EndGlobalSection
	GlobalSection(ProjectConfigurationPlatforms) = postSolution
		{38565564-40EF-40AB-BE25-939928DF7765}.Debug|Any CPU.ActiveCfg = Debug|Any CPU
		{38565564-40EF-40AB-BE25-939928DF7765}.Debug|Any CPU.Build.0 = Debug|Any CPU
		{38565564-40EF-40AB-BE25-939928DF7765}.Release|Any CPU.ActiveCfg = Release|Any CPU
		{38565564-40EF-40AB-BE25-939928DF7765}.Release|Any CPU.Build.0 = Release|Any CPU
		{B856380D-2391-4DC5-9F4C-4A1FFFD5730A}.Debug|Any CPU.ActiveCfg = Debug|Any CPU
		{B856380D-2391-4DC5-9F4C-4A1FFFD5730A}.Debug|Any CPU.Build.0 = Debug|Any CPU
		{B856380D-2391-4DC5-9F4C-4A1FFFD5730A}.Release|Any CPU.ActiveCfg = Release|Any CPU
		{B856380D-2391-4DC5-9F4C-4A1FFFD5730A}.Release|Any CPU.Build.0 = Release|Any CPU
		{E958FC11-940F-4F64-B57A-77426DB68200}.Debug|Any CPU.ActiveCfg = Debug|Any CPU
		{E958FC11-940F-4F64-B57A-77426DB68200}.Debug|Any CPU.Build.0 = Debug|Any CPU
		{E958FC11-940F-4F64-B57A-77426DB68200}.Release|Any CPU.ActiveCfg = Debug|Any CPU
		{E958FC11-940F-4F64-B57A-77426DB68200}.Release|Any CPU.Build.0 = Debug|Any CPU
		{2AD57FD9-DD31-4D7E-AFBA-B6A8A673B554}.Debug|Any CPU.ActiveCfg = Debug|Any CPU
		{2AD57FD9-DD31-4D7E-AFBA-B6A8A673B554}.Debug|Any CPU.Build.0 = Debug|Any CPU
		{2AD57FD9-DD31-4D7E-AFBA-B6A8A673B554}.Release|Any CPU.ActiveCfg = Release|Any CPU
		{2AD57FD9-DD31-4D7E-AFBA-B6A8A673B554}.Release|Any CPU.Build.0 = Release|Any CPU
	EndGlobalSection
	GlobalSection(SolutionProperties) = preSolution
		HideSolutionNode = FALSE
	EndGlobalSection
	GlobalSection(NestedProjects) = preSolution
		{38565564-40EF-40AB-BE25-939928DF7765} = {F8826761-C591-4954-AE3F-189B91296285}
		{B856380D-2391-4DC5-9F4C-4A1FFFD5730A} = {F8826761-C591-4954-AE3F-189B91296285}
		{E958FC11-940F-4F64-B57A-77426DB68200} = {F8826761-C591-4954-AE3F-189B91296285}
		{2AD57FD9-DD31-4D7E-AFBA-B6A8A673B554} = {F8826761-C591-4954-AE3F-189B91296285}
	EndGlobalSection
	GlobalSection(ExtensibilityGlobals) = postSolution
		SolutionGuid = {482AA3D6-9466-4CED-8782-1949DD26D103}
	EndGlobalSection
EndGlobal
